// !$*UTF8*$!
{
	archiveVersion = 1;
	classes = {
	};
	objectVersion = 50;
	objects = {

/* Begin PBXBuildFile section */
		4C07DDC322734C4900D70387 /* AppDelegate.swift in Sources */ = {isa = PBXBuildFile; fileRef = 4C07DDC222734C4900D70387 /* AppDelegate.swift */; };
		4C07DDC522734C4900D70387 /* ViewController.swift in Sources */ = {isa = PBXBuildFile; fileRef = 4C07DDC422734C4900D70387 /* ViewController.swift */; };
		4C07DDC822734C4900D70387 /* Main.storyboard in Resources */ = {isa = PBXBuildFile; fileRef = 4C07DDC622734C4900D70387 /* Main.storyboard */; };
		4C07DDCA22734C4E00D70387 /* Assets.xcassets in Resources */ = {isa = PBXBuildFile; fileRef = 4C07DDC922734C4E00D70387 /* Assets.xcassets */; };
		4C07DDCD22734C4E00D70387 /* LaunchScreen.storyboard in Resources */ = {isa = PBXBuildFile; fileRef = 4C07DDCB22734C4E00D70387 /* LaunchScreen.storyboard */; };
		4C07DDD822734C4E00D70387 /* tableMenuTests.swift in Sources */ = {isa = PBXBuildFile; fileRef = 4C07DDD722734C4E00D70387 /* tableMenuTests.swift */; };
		4C07DDE322734C4E00D70387 /* tableMenuUITests.swift in Sources */ = {isa = PBXBuildFile; fileRef = 4C07DDE222734C4E00D70387 /* tableMenuUITests.swift */; };
		4C08BC5822F66106006E2A25 /* UITableViewCell+Extension.swift in Sources */ = {isa = PBXBuildFile; fileRef = 4C08BC5722F66106006E2A25 /* UITableViewCell+Extension.swift */; };
		4C08BC5C22F66325006E2A25 /* ValueCell.swift in Sources */ = {isa = PBXBuildFile; fileRef = 4C08BC5A22F66325006E2A25 /* ValueCell.swift */; };
		4C08BC5D22F66325006E2A25 /* ValueCell.xib in Resources */ = {isa = PBXBuildFile; fileRef = 4C08BC5B22F66325006E2A25 /* ValueCell.xib */; };
		4C08BC6022F6694A006E2A25 /* SectionHeaderView.swift in Sources */ = {isa = PBXBuildFile; fileRef = 4C08BC5E22F6694A006E2A25 /* SectionHeaderView.swift */; };
		4C08BC6122F6694A006E2A25 /* SectionHeaderView.xib in Resources */ = {isa = PBXBuildFile; fileRef = 4C08BC5F22F6694A006E2A25 /* SectionHeaderView.xib */; };
/* End PBXBuildFile section */

/* Begin PBXContainerItemProxy section */
		4C07DDD422734C4E00D70387 /* PBXContainerItemProxy */ = {
			isa = PBXContainerItemProxy;
			containerPortal = 4C07DDB722734C4900D70387 /* Project object */;
			proxyType = 1;
			remoteGlobalIDString = 4C07DDBE22734C4900D70387;
			remoteInfo = tableMenu;
		};
		4C07DDDF22734C4E00D70387 /* PBXContainerItemProxy */ = {
			isa = PBXContainerItemProxy;
			containerPortal = 4C07DDB722734C4900D70387 /* Project object */;
			proxyType = 1;
			remoteGlobalIDString = 4C07DDBE22734C4900D70387;
			remoteInfo = tableMenu;
		};
/* End PBXContainerItemProxy section */

/* Begin PBXFileReference section */
		4C07DDBF22734C4900D70387 /* tableMenu.app */ = {isa = PBXFileReference; explicitFileType = wrapper.application; includeInIndex = 0; path = tableMenu.app; sourceTree = BUILT_PRODUCTS_DIR; };
		4C07DDC222734C4900D70387 /* AppDelegate.swift */ = {isa = PBXFileReference; lastKnownFileType = sourcecode.swift; path = AppDelegate.swift; sourceTree = "<group>"; };
		4C07DDC422734C4900D70387 /* ViewController.swift */ = {isa = PBXFileReference; lastKnownFileType = sourcecode.swift; path = ViewController.swift; sourceTree = "<group>"; };
		4C07DDC722734C4900D70387 /* Base */ = {isa = PBXFileReference; lastKnownFileType = file.storyboard; name = Base; path = Base.lproj/Main.storyboard; sourceTree = "<group>"; };
		4C07DDC922734C4E00D70387 /* Assets.xcassets */ = {isa = PBXFileReference; lastKnownFileType = folder.assetcatalog; path = Assets.xcassets; sourceTree = "<group>"; };
		4C07DDCC22734C4E00D70387 /* Base */ = {isa = PBXFileReference; lastKnownFileType = file.storyboard; name = Base; path = Base.lproj/LaunchScreen.storyboard; sourceTree = "<group>"; };
		4C07DDCE22734C4E00D70387 /* Info.plist */ = {isa = PBXFileReference; lastKnownFileType = text.plist.xml; path = Info.plist; sourceTree = "<group>"; };
		4C07DDD322734C4E00D70387 /* tableMenuTests.xctest */ = {isa = PBXFileReference; explicitFileType = wrapper.cfbundle; includeInIndex = 0; path = tableMenuTests.xctest; sourceTree = BUILT_PRODUCTS_DIR; };
		4C07DDD722734C4E00D70387 /* tableMenuTests.swift */ = {isa = PBXFileReference; lastKnownFileType = sourcecode.swift; path = tableMenuTests.swift; sourceTree = "<group>"; };
		4C07DDD922734C4E00D70387 /* Info.plist */ = {isa = PBXFileReference; lastKnownFileType = text.plist.xml; path = Info.plist; sourceTree = "<group>"; };
		4C07DDDE22734C4E00D70387 /* tableMenuUITests.xctest */ = {isa = PBXFileReference; explicitFileType = wrapper.cfbundle; includeInIndex = 0; path = tableMenuUITests.xctest; sourceTree = BUILT_PRODUCTS_DIR; };
		4C07DDE222734C4E00D70387 /* tableMenuUITests.swift */ = {isa = PBXFileReference; lastKnownFileType = sourcecode.swift; path = tableMenuUITests.swift; sourceTree = "<group>"; };
		4C07DDE422734C4E00D70387 /* Info.plist */ = {isa = PBXFileReference; lastKnownFileType = text.plist.xml; path = Info.plist; sourceTree = "<group>"; };
		4C08BC5722F66106006E2A25 /* UITableViewCell+Extension.swift */ = {isa = PBXFileReference; lastKnownFileType = sourcecode.swift; path = "UITableViewCell+Extension.swift"; sourceTree = "<group>"; };
		4C08BC5A22F66325006E2A25 /* ValueCell.swift */ = {isa = PBXFileReference; lastKnownFileType = sourcecode.swift; path = ValueCell.swift; sourceTree = "<group>"; };
		4C08BC5B22F66325006E2A25 /* ValueCell.xib */ = {isa = PBXFileReference; lastKnownFileType = file.xib; path = ValueCell.xib; sourceTree = "<group>"; };
		4C08BC5E22F6694A006E2A25 /* SectionHeaderView.swift */ = {isa = PBXFileReference; lastKnownFileType = sourcecode.swift; path = SectionHeaderView.swift; sourceTree = "<group>"; };
		4C08BC5F22F6694A006E2A25 /* SectionHeaderView.xib */ = {isa = PBXFileReference; lastKnownFileType = file.xib; path = SectionHeaderView.xib; sourceTree = "<group>"; };
/* End PBXFileReference section */

/* Begin PBXFrameworksBuildPhase section */
		4C07DDBC22734C4900D70387 /* Frameworks */ = {
			isa = PBXFrameworksBuildPhase;
			buildActionMask = 2147483647;
			files = (
			);
			runOnlyForDeploymentPostprocessing = 0;
		};
		4C07DDD022734C4E00D70387 /* Frameworks */ = {
			isa = PBXFrameworksBuildPhase;
			buildActionMask = 2147483647;
			files = (
			);
			runOnlyForDeploymentPostprocessing = 0;
		};
		4C07DDDB22734C4E00D70387 /* Frameworks */ = {
			isa = PBXFrameworksBuildPhase;
			buildActionMask = 2147483647;
			files = (
			);
			runOnlyForDeploymentPostprocessing = 0;
		};
/* End PBXFrameworksBuildPhase section */

/* Begin PBXGroup section */
		4C07DDB622734C4900D70387 = {
			isa = PBXGroup;
			children = (
				4C07DDC122734C4900D70387 /* tableMenu */,
				4C07DDD622734C4E00D70387 /* tableMenuTests */,
				4C07DDE122734C4E00D70387 /* tableMenuUITests */,
				4C07DDC022734C4900D70387 /* Products */,
			);
			sourceTree = "<group>";
		};
		4C07DDC022734C4900D70387 /* Products */ = {
			isa = PBXGroup;
			children = (
				4C07DDBF22734C4900D70387 /* tableMenu.app */,
				4C07DDD322734C4E00D70387 /* tableMenuTests.xctest */,
				4C07DDDE22734C4E00D70387 /* tableMenuUITests.xctest */,
			);
			name = Products;
			sourceTree = "<group>";
		};
		4C07DDC122734C4900D70387 /* tableMenu */ = {
			isa = PBXGroup;
			children = (
				4C07DDC222734C4900D70387 /* AppDelegate.swift */,
				4C07DDC422734C4900D70387 /* ViewController.swift */,
				4C07DDC622734C4900D70387 /* Main.storyboard */,
				4C07DDC922734C4E00D70387 /* Assets.xcassets */,
				4C07DDCB22734C4E00D70387 /* LaunchScreen.storyboard */,
				4C07DDCE22734C4E00D70387 /* Info.plist */,
				4C08BC5922F662BA006E2A25 /* Parts */,
				4C08BC5622F6609B006E2A25 /* Extensions */,
			);
			path = tableMenu;
			sourceTree = "<group>";
		};
		4C07DDD622734C4E00D70387 /* tableMenuTests */ = {
			isa = PBXGroup;
			children = (
				4C07DDD722734C4E00D70387 /* tableMenuTests.swift */,
				4C07DDD922734C4E00D70387 /* Info.plist */,
			);
			path = tableMenuTests;
			sourceTree = "<group>";
		};
		4C07DDE122734C4E00D70387 /* tableMenuUITests */ = {
			isa = PBXGroup;
			children = (
				4C07DDE222734C4E00D70387 /* tableMenuUITests.swift */,
				4C07DDE422734C4E00D70387 /* Info.plist */,
			);
			path = tableMenuUITests;
			sourceTree = "<group>";
		};
		4C08BC5622F6609B006E2A25 /* Extensions */ = {
			isa = PBXGroup;
			children = (
				4C08BC5722F66106006E2A25 /* UITableViewCell+Extension.swift */,
			);
			path = Extensions;
			sourceTree = "<group>";
		};
		4C08BC5922F662BA006E2A25 /* Parts */ = {
			isa = PBXGroup;
			children = (
				4C08BC5A22F66325006E2A25 /* ValueCell.swift */,
				4C08BC5B22F66325006E2A25 /* ValueCell.xib */,
				4C08BC5E22F6694A006E2A25 /* SectionHeaderView.swift */,
				4C08BC5F22F6694A006E2A25 /* SectionHeaderView.xib */,
			);
			path = Parts;
			sourceTree = "<group>";
		};
/* End PBXGroup section */

/* Begin PBXNativeTarget section */
		4C07DDBE22734C4900D70387 /* tableMenu */ = {
			isa = PBXNativeTarget;
			buildConfigurationList = 4C07DDE722734C4E00D70387 /* Build configuration list for PBXNativeTarget "tableMenu" */;
			buildPhases = (
				4C07DDBB22734C4900D70387 /* Sources */,
				4C07DDBC22734C4900D70387 /* Frameworks */,
				4C07DDBD22734C4900D70387 /* Resources */,
			);
			buildRules = (
			);
			dependencies = (
			);
			name = tableMenu;
			productName = tableMenu;
			productReference = 4C07DDBF22734C4900D70387 /* tableMenu.app */;
			productType = "com.apple.product-type.application";
		};
		4C07DDD222734C4E00D70387 /* tableMenuTests */ = {
			isa = PBXNativeTarget;
			buildConfigurationList = 4C07DDEA22734C4E00D70387 /* Build configuration list for PBXNativeTarget "tableMenuTests" */;
			buildPhases = (
				4C07DDCF22734C4E00D70387 /* Sources */,
				4C07DDD022734C4E00D70387 /* Frameworks */,
				4C07DDD122734C4E00D70387 /* Resources */,
			);
			buildRules = (
			);
			dependencies = (
				4C07DDD522734C4E00D70387 /* PBXTargetDependency */,
			);
			name = tableMenuTests;
			productName = tableMenuTests;
			productReference = 4C07DDD322734C4E00D70387 /* tableMenuTests.xctest */;
			productType = "com.apple.product-type.bundle.unit-test";
		};
		4C07DDDD22734C4E00D70387 /* tableMenuUITests */ = {
			isa = PBXNativeTarget;
			buildConfigurationList = 4C07DDED22734C4E00D70387 /* Build configuration list for PBXNativeTarget "tableMenuUITests" */;
			buildPhases = (
				4C07DDDA22734C4E00D70387 /* Sources */,
				4C07DDDB22734C4E00D70387 /* Frameworks */,
				4C07DDDC22734C4E00D70387 /* Resources */,
			);
			buildRules = (
			);
			dependencies = (
				4C07DDE022734C4E00D70387 /* PBXTargetDependency */,
			);
			name = tableMenuUITests;
			productName = tableMenuUITests;
			productReference = 4C07DDDE22734C4E00D70387 /* tableMenuUITests.xctest */;
			productType = "com.apple.product-type.bundle.ui-testing";
		};
/* End PBXNativeTarget section */

/* Begin PBXProject section */
		4C07DDB722734C4900D70387 /* Project object */ = {
			isa = PBXProject;
			attributes = {
				LastSwiftUpdateCheck = 1020;
				LastUpgradeCheck = 1020;
				ORGANIZATIONNAME = "山崎健太";
				TargetAttributes = {
					4C07DDBE22734C4900D70387 = {
						CreatedOnToolsVersion = 10.2.1;
					};
					4C07DDD222734C4E00D70387 = {
						CreatedOnToolsVersion = 10.2.1;
						TestTargetID = 4C07DDBE22734C4900D70387;
					};
					4C07DDDD22734C4E00D70387 = {
						CreatedOnToolsVersion = 10.2.1;
						TestTargetID = 4C07DDBE22734C4900D70387;
					};
				};
			};
			buildConfigurationList = 4C07DDBA22734C4900D70387 /* Build configuration list for PBXProject "tableMenu" */;
			compatibilityVersion = "Xcode 9.3";
			developmentRegion = en;
			hasScannedForEncodings = 0;
			knownRegions = (
				en,
				Base,
			);
			mainGroup = 4C07DDB622734C4900D70387;
			productRefGroup = 4C07DDC022734C4900D70387 /* Products */;
			projectDirPath = "";
			projectRoot = "";
			targets = (
				4C07DDBE22734C4900D70387 /* tableMenu */,
				4C07DDD222734C4E00D70387 /* tableMenuTests */,
				4C07DDDD22734C4E00D70387 /* tableMenuUITests */,
			);
		};
/* End PBXProject section */

/* Begin PBXResourcesBuildPhase section */
		4C07DDBD22734C4900D70387 /* Resources */ = {
			isa = PBXResourcesBuildPhase;
			buildActionMask = 2147483647;
			files = (
				4C07DDCD22734C4E00D70387 /* LaunchScreen.storyboard in Resources */,
				4C08BC6122F6694A006E2A25 /* SectionHeaderView.xib in Resources */,
				4C07DDCA22734C4E00D70387 /* Assets.xcassets in Resources */,
				4C07DDC822734C4900D70387 /* Main.storyboard in Resources */,
				4C08BC5D22F66325006E2A25 /* ValueCell.xib in Resources */,
			);
			runOnlyForDeploymentPostprocessing = 0;
		};
		4C07DDD122734C4E00D70387 /* Resources */ = {
			isa = PBXResourcesBuildPhase;
			buildActionMask = 2147483647;
			files = (
			);
			runOnlyForDeploymentPostprocessing = 0;
		};
		4C07DDDC22734C4E00D70387 /* Resources */ = {
			isa = PBXResourcesBuildPhase;
			buildActionMask = 2147483647;
			files = (
			);
			runOnlyForDeploymentPostprocessing = 0;
		};
/* End PBXResourcesBuildPhase section */

/* Begin PBXSourcesBuildPhase section */
		4C07DDBB22734C4900D70387 /* Sources */ = {
			isa = PBXSourcesBuildPhase;
			buildActionMask = 2147483647;
			files = (
				4C07DDC522734C4900D70387 /* ViewController.swift in Sources */,
				4C08BC6022F6694A006E2A25 /* SectionHeaderView.swift in Sources */,
				4C08BC5822F66106006E2A25 /* UITableViewCell+Extension.swift in Sources */,
				4C07DDC322734C4900D70387 /* AppDelegate.swift in Sources */,
				4C08BC5C22F66325006E2A25 /* ValueCell.swift in Sources */,
			);
			runOnlyForDeploymentPostprocessing = 0;
		};
		4C07DDCF22734C4E00D70387 /* Sources */ = {
			isa = PBXSourcesBuildPhase;
			buildActionMask = 2147483647;
			files = (
				4C07DDD822734C4E00D70387 /* tableMenuTests.swift in Sources */,
			);
			runOnlyForDeploymentPostprocessing = 0;
		};
		4C07DDDA22734C4E00D70387 /* Sources */ = {
			isa = PBXSourcesBuildPhase;
			buildActionMask = 2147483647;
			files = (
				4C07DDE322734C4E00D70387 /* tableMenuUITests.swift in Sources */,
			);
			runOnlyForDeploymentPostprocessing = 0;
		};
/* End PBXSourcesBuildPhase section */

/* Begin PBXTargetDependency section */
		4C07DDD522734C4E00D70387 /* PBXTargetDependency */ = {
			isa = PBXTargetDependency;
			target = 4C07DDBE22734C4900D70387 /* tableMenu */;
			targetProxy = 4C07DDD422734C4E00D70387 /* PBXContainerItemProxy */;
		};
		4C07DDE022734C4E00D70387 /* PBXTargetDependency */ = {
			isa = PBXTargetDependency;
			target = 4C07DDBE22734C4900D70387 /* tableMenu */;
			targetProxy = 4C07DDDF22734C4E00D70387 /* PBXContainerItemProxy */;
		};
/* End PBXTargetDependency section */

/* Begin PBXVariantGroup section */
		4C07DDC622734C4900D70387 /* Main.storyboard */ = {
			isa = PBXVariantGroup;
			children = (
				4C07DDC722734C4900D70387 /* Base */,
			);
			name = Main.storyboard;
			sourceTree = "<group>";
		};
		4C07DDCB22734C4E00D70387 /* LaunchScreen.storyboard */ = {
			isa = PBXVariantGroup;
			children = (
				4C07DDCC22734C4E00D70387 /* Base */,
			);
			name = LaunchScreen.storyboard;
			sourceTree = "<group>";
		};
/* End PBXVariantGroup section */

/* Begin XCBuildConfiguration section */
		4C07DDE522734C4E00D70387 /* Debug */ = {
			isa = XCBuildConfiguration;
			buildSettings = {
				ALWAYS_SEARCH_USER_PATHS = NO;
				CLANG_ANALYZER_NONNULL = YES;
				CLANG_ANALYZER_NUMBER_OBJECT_CONVERSION = YES_AGGRESSIVE;
				CLANG_CXX_LANGUAGE_STANDARD = "gnu++14";
				CLANG_CXX_LIBRARY = "libc++";
				CLANG_ENABLE_MODULES = YES;
				CLANG_ENABLE_OBJC_ARC = YES;
				CLANG_ENABLE_OBJC_WEAK = YES;
				CLANG_WARN_BLOCK_CAPTURE_AUTORELEASING = YES;
				CLANG_WARN_BOOL_CONVERSION = YES;
				CLANG_WARN_COMMA = YES;
				CLANG_WARN_CONSTANT_CONVERSION = YES;
				CLANG_WARN_DEPRECATED_OBJC_IMPLEMENTATIONS = YES;
				CLANG_WARN_DIRECT_OBJC_ISA_USAGE = YES_ERROR;
				CLANG_WARN_DOCUMENTATION_COMMENTS = YES;
				CLANG_WARN_EMPTY_BODY = YES;
				CLANG_WARN_ENUM_CONVERSION = YES;
				CLANG_WARN_INFINITE_RECURSION = YES;
				CLANG_WARN_INT_CONVERSION = YES;
				CLANG_WARN_NON_LITERAL_NULL_CONVERSION = YES;
				CLANG_WARN_OBJC_IMPLICIT_RETAIN_SELF = YES;
				CLANG_WARN_OBJC_LITERAL_CONVERSION = YES;
				CLANG_WARN_OBJC_ROOT_CLASS = YES_ERROR;
				CLANG_WARN_RANGE_LOOP_ANALYSIS = YES;
				CLANG_WARN_STRICT_PROTOTYPES = YES;
				CLANG_WARN_SUSPICIOUS_MOVE = YES;
				CLANG_WARN_UNGUARDED_AVAILABILITY = YES_AGGRESSIVE;
				CLANG_WARN_UNREACHABLE_CODE = YES;
				CLANG_WARN__DUPLICATE_METHOD_MATCH = YES;
				CODE_SIGN_IDENTITY = "iPhone Developer";
				COPY_PHASE_STRIP = NO;
				DEBUG_INFORMATION_FORMAT = dwarf;
				ENABLE_STRICT_OBJC_MSGSEND = YES;
				ENABLE_TESTABILITY = YES;
				GCC_C_LANGUAGE_STANDARD = gnu11;
				GCC_DYNAMIC_NO_PIC = NO;
				GCC_NO_COMMON_BLOCKS = YES;
				GCC_OPTIMIZATION_LEVEL = 0;
				GCC_PREPROCESSOR_DEFINITIONS = (
					"DEBUG=1",
					"$(inherited)",
				);
				GCC_WARN_64_TO_32_BIT_CONVERSION = YES;
				GCC_WARN_ABOUT_RETURN_TYPE = YES_ERROR;
				GCC_WARN_UNDECLARED_SELECTOR = YES;
				GCC_WARN_UNINITIALIZED_AUTOS = YES_AGGRESSIVE;
				GCC_WARN_UNUSED_FUNCTION = YES;
				GCC_WARN_UNUSED_VARIABLE = YES;
				IPHONEOS_DEPLOYMENT_TARGET = 12.2;
				MTL_ENABLE_DEBUG_INFO = INCLUDE_SOURCE;
				MTL_FAST_MATH = YES;
				ONLY_ACTIVE_ARCH = YES;
				SDKROOT = iphoneos;
				SWIFT_ACTIVE_COMPILATION_CONDITIONS = DEBUG;
				SWIFT_OPTIMIZATION_LEVEL = "-Onone";
			};
			name = Debug;
		};
		4C07DDE622734C4E00D70387 /* Release */ = {
			isa = XCBuildConfiguration;
			buildSettings = {
				ALWAYS_SEARCH_USER_PATHS = NO;
				CLANG_ANALYZER_NONNULL = YES;
				CLANG_ANALYZER_NUMBER_OBJECT_CONVERSION = YES_AGGRESSIVE;
				CLANG_CXX_LANGUAGE_STANDARD = "gnu++14";
				CLANG_CXX_LIBRARY = "libc++";
				CLANG_ENABLE_MODULES = YES;
				CLANG_ENABLE_OBJC_ARC = YES;
				CLANG_ENABLE_OBJC_WEAK = YES;
				CLANG_WARN_BLOCK_CAPTURE_AUTORELEASING = YES;
				CLANG_WARN_BOOL_CONVERSION = YES;
				CLANG_WARN_COMMA = YES;
				CLANG_WARN_CONSTANT_CONVERSION = YES;
				CLANG_WARN_DEPRECATED_OBJC_IMPLEMENTATIONS = YES;
				CLANG_WARN_DIRECT_OBJC_ISA_USAGE = YES_ERROR;
				CLANG_WARN_DOCUMENTATION_COMMENTS = YES;
				CLANG_WARN_EMPTY_BODY = YES;
				CLANG_WARN_ENUM_CONVERSION = YES;
				CLANG_WARN_INFINITE_RECURSION = YES;
				CLANG_WARN_INT_CONVERSION = YES;
				CLANG_WARN_NON_LITERAL_NULL_CONVERSION = YES;
				CLANG_WARN_OBJC_IMPLICIT_RETAIN_SELF = YES;
				CLANG_WARN_OBJC_LITERAL_CONVERSION = YES;
				CLANG_WARN_OBJC_ROOT_CLASS = YES_ERROR;
				CLANG_WARN_RANGE_LOOP_ANALYSIS = YES;
				CLANG_WARN_STRICT_PROTOTYPES = YES;
				CLANG_WARN_SUSPICIOUS_MOVE = YES;
				CLANG_WARN_UNGUARDED_AVAILABILITY = YES_AGGRESSIVE;
				CLANG_WARN_UNREACHABLE_CODE = YES;
				CLANG_WARN__DUPLICATE_METHOD_MATCH = YES;
				CODE_SIGN_IDENTITY = "iPhone Developer";
				COPY_PHASE_STRIP = NO;
				DEBUG_INFORMATION_FORMAT = "dwarf-with-dsym";
				ENABLE_NS_ASSERTIONS = NO;
				ENABLE_STRICT_OBJC_MSGSEND = YES;
				GCC_C_LANGUAGE_STANDARD = gnu11;
				GCC_NO_COMMON_BLOCKS = YES;
				GCC_WARN_64_TO_32_BIT_CONVERSION = YES;
				GCC_WARN_ABOUT_RETURN_TYPE = YES_ERROR;
				GCC_WARN_UNDECLARED_SELECTOR = YES;
				GCC_WARN_UNINITIALIZED_AUTOS = YES_AGGRESSIVE;
				GCC_WARN_UNUSED_FUNCTION = YES;
				GCC_WARN_UNUSED_VARIABLE = YES;
				IPHONEOS_DEPLOYMENT_TARGET = 12.2;
				MTL_ENABLE_DEBUG_INFO = NO;
				MTL_FAST_MATH = YES;
				SDKROOT = iphoneos;
				SWIFT_COMPILATION_MODE = wholemodule;
				SWIFT_OPTIMIZATION_LEVEL = "-O";
				VALIDATE_PRODUCT = YES;
			};
			name = Release;
		};
		4C07DDE822734C4E00D70387 /* Debug */ = {
			isa = XCBuildConfiguration;
			buildSettings = {
				ASSETCATALOG_COMPILER_APPICON_NAME = AppIcon;
				CODE_SIGN_STYLE = Automatic;
				INFOPLIST_FILE = tableMenu/Info.plist;
				LD_RUNPATH_SEARCH_PATHS = (
					"$(inherited)",
					"@executable_path/Frameworks",
				);
				PRODUCT_BUNDLE_IDENTIFIER = yamazaki.tableMenu;
				PRODUCT_NAME = "$(TARGET_NAME)";
				SWIFT_VERSION = 5.0;
				TARGETED_DEVICE_FAMILY = "1,2";
			};
			name = Debug;
		};
		4C07DDE922734C4E00D70387 /* Release */ = {
			isa = XCBuildConfiguration;
			buildSettings = {
				ASSETCATALOG_COMPILER_APPICON_NAME = AppIcon;
				CODE_SIGN_STYLE = Automatic;
				INFOPLIST_FILE = tableMenu/Info.plist;
				LD_RUNPATH_SEARCH_PATHS = (
					"$(inherited)",
					"@executable_path/Frameworks",
				);
				PRODUCT_BUNDLE_IDENTIFIER = yamazaki.tableMenu;
				PRODUCT_NAME = "$(TARGET_NAME)";
				SWIFT_VERSION = 5.0;
				TARGETED_DEVICE_FAMILY = "1,2";
			};
			name = Release;
		};
		4C07DDEB22734C4E00D70387 /* Debug */ = {
			isa = XCBuildConfiguration;
			buildSettings = {
				ALWAYS_EMBED_SWIFT_STANDARD_LIBRARIES = YES;
				BUNDLE_LOADER = "$(TEST_HOST)";
				CODE_SIGN_STYLE = Automatic;
				INFOPLIST_FILE = tableMenuTests/Info.plist;
				LD_RUNPATH_SEARCH_PATHS = (
					"$(inherited)",
					"@executable_path/Frameworks",
					"@loader_path/Frameworks",
				);
				PRODUCT_BUNDLE_IDENTIFIER = yamazaki.tableMenuTests;
				PRODUCT_NAME = "$(TARGET_NAME)";
				SWIFT_VERSION = 5.0;
				TARGETED_DEVICE_FAMILY = "1,2";
				TEST_HOST = "$(BUILT_PRODUCTS_DIR)/tableMenu.app/tableMenu";
			};
			name = Debug;
		};
		4C07DDEC22734C4E00D70387 /* Release */ = {
			isa = XCBuildConfiguration;
			buildSettings = {
				ALWAYS_EMBED_SWIFT_STANDARD_LIBRARIES = YES;
				BUNDLE_LOADER = "$(TEST_HOST)";
				CODE_SIGN_STYLE = Automatic;
				INFOPLIST_FILE = tableMenuTests/Info.plist;
				LD_RUNPATH_SEARCH_PATHS = (
					"$(inherited)",
					"@executable_path/Frameworks",
					"@loader_path/Frameworks",
				);
				PRODUCT_BUNDLE_IDENTIFIER = yamazaki.tableMenuTests;
				PRODUCT_NAME = "$(TARGET_NAME)";
				SWIFT_VERSION = 5.0;
				TARGETED_DEVICE_FAMILY = "1,2";
				TEST_HOST = "$(BUILT_PRODUCTS_DIR)/tableMenu.app/tableMenu";
			};
			name = Release;
		};
		4C07DDEE22734C4E00D70387 /* Debug */ = {
			isa = XCBuildConfiguration;
			buildSettings = {
				ALWAYS_EMBED_SWIFT_STANDARD_LIBRARIES = YES;
				CODE_SIGN_STYLE = Automatic;
				INFOPLIST_FILE = tableMenuUITests/Info.plist;
				LD_RUNPATH_SEARCH_PATHS = (
					"$(inherited)",
					"@executable_path/Frameworks",
					"@loader_path/Frameworks",
				);
				PRODUCT_BUNDLE_IDENTIFIER = yamazaki.tableMenuUITests;
				PRODUCT_NAME = "$(TARGET_NAME)";
				SWIFT_VERSION = 5.0;
				TARGETED_DEVICE_FAMILY = "1,2";
				TEST_TARGET_NAME = tableMenu;
			};
			name = Debug;
		};
		4C07DDEF22734C4E00D70387 /* Release */ = {
			isa = XCBuildConfiguration;
			buildSettings = {
				ALWAYS_EMBED_SWIFT_STANDARD_LIBRARIES = YES;
				CODE_SIGN_STYLE = Automatic;
				INFOPLIST_FILE = tableMenuUITests/Info.plist;
				LD_RUNPATH_SEARCH_PATHS = (
					"$(inherited)",
					"@executable_path/Frameworks",
					"@loader_path/Frameworks",
				);
				PRODUCT_BUNDLE_IDENTIFIER = yamazaki.tableMenuUITests;
				PRODUCT_NAME = "$(TARGET_NAME)";
				SWIFT_VERSION = 5.0;
				TARGETED_DEVICE_FAMILY = "1,2";
				TEST_TARGET_NAME = tableMenu;
			};
			name = Release;
		};
/* End XCBuildConfiguration section */

/* Begin XCConfigurationList section */
		4C07DDBA22734C4900D70387 /* Build configuration list for PBXProject "tableMenu" */ = {
			isa = XCConfigurationList;
			buildConfigurations = (
				4C07DDE522734C4E00D70387 /* Debug */,
				4C07DDE622734C4E00D70387 /* Release */,
			);
			defaultConfigurationIsVisible = 0;
			defaultConfigurationName = Release;
		};
		4C07DDE722734C4E00D70387 /* Build configuration list for PBXNativeTarget "tableMenu" */ = {
			isa = XCConfigurationList;
			buildConfigurations = (
				4C07DDE822734C4E00D70387 /* Debug */,
				4C07DDE922734C4E00D70387 /* Release */,
			);
			defaultConfigurationIsVisible = 0;
			defaultConfigurationName = Release;
		};
		4C07DDEA22734C4E00D70387 /* Build configuration list for PBXNativeTarget "tableMenuTests" */ = {
			isa = XCConfigurationList;
			buildConfigurations = (
				4C07DDEB22734C4E00D70387 /* Debug */,
				4C07DDEC22734C4E00D70387 /* Release */,
			);
			defaultConfigurationIsVisible = 0;
			defaultConfigurationName = Release;
		};
		4C07DDED22734C4E00D70387 /* Build configuration list for PBXNativeTarget "tableMenuUITests" */ = {
			isa = XCConfigurationList;
			buildConfigurations = (
				4C07DDEE22734C4E00D70387 /* Debug */,
				4C07DDEF22734C4E00D70387 /* Release */,
			);
			defaultConfigurationIsVisible = 0;
			defaultConfigurationName = Release;
		};
/* End XCConfigurationList section */
	};
	rootObject = 4C07DDB722734C4900D70387 /* Project object */;
}
